
Microsoft Visual Studio Solution File, Format Version 12.00
# Visual Studio 15
VisualStudioVersion = 15.0.27130.2003
MinimumVisualStudioVersion = 10.0.40219.1
Project("{9A19103F-16F7-4668-BE54-9A1E7A4F7556}") = "GuardianV4_Core", "GuardianV4_Core\GuardianV4_Core.csproj", "{C474935B-3DFA-435F-A47A-CFF9661DD1AF}"
EndProject
Project("{FAE04EC0-301F-11D3-BF4B-00C04F79EFBC}") = "GuardianV4_Tests", "GuardianV4_Tests\GuardianV4_Tests.csproj", "{45277956-8208-4024-AAEC-DD1A404E8D3F}"
EndProject
Global
	GlobalSection(SolutionConfigurationPlatforms) = preSolution
		Debug|Any CPU = Debug|Any CPU
		Release|Any CPU = Release|Any CPU
	EndGlobalSection
	GlobalSection(ProjectConfigurationPlatforms) = postSolution
		{C474935B-3DFA-435F-A47A-CFF9661DD1AF}.Debug|Any CPU.ActiveCfg = Debug|Any CPU
		{C474935B-3DFA-435F-A47A-CFF9661DD1AF}.Debug|Any CPU.Build.0 = Debug|Any CPU
		{C474935B-3DFA-435F-A47A-CFF9661DD1AF}.Release|Any CPU.ActiveCfg = Release|Any CPU
		{C474935B-3DFA-435F-A47A-CFF9661DD1AF}.Release|Any CPU.Build.0 = Release|Any CPU
		{45277956-8208-4024-AAEC-DD1A404E8D3F}.Debug|Any CPU.ActiveCfg = Debug|Any CPU
		{45277956-8208-4024-AAEC-DD1A404E8D3F}.Debug|Any CPU.Build.0 = Debug|Any CPU
		{45277956-8208-4024-AAEC-DD1A404E8D3F}.Release|Any CPU.ActiveCfg = Release|Any CPU
		{45277956-8208-4024-AAEC-DD1A404E8D3F}.Release|Any CPU.Build.0 = Release|Any CPU
	EndGlobalSection
	GlobalSection(SolutionProperties) = preSolution
		HideSolutionNode = FALSE
	EndGlobalSection
	GlobalSection(ExtensibilityGlobals) = postSolution
		SolutionGuid = {3DB38146-80AD-4A3D-B591-C09BC227802E}
	EndGlobalSection
EndGlobal
